
Microsoft Visual Studio Solution File, Format Version 9.00
# Visual Studio 2005
Project("{8BC9CEB8-8B4A-11D0-8D11-00A0C91BC942}") = "libgw", "libgw\libgw.vcproj", "{E4AF0299-6BF4-468F-82DA-68BE4D3B4621}"
EndProject
Project("{8BC9CEB8-8B4A-11D0-8D11-00A0C91BC942}") = "libgw_example", "libgw_example_single_win\libgw_example_single_win.vcproj", "{A5469B0B-90ED-45E3-B4F2-489BDBE3DA4D}"
	ProjectSection(ProjectDependencies) = postProject
		{E4AF0299-6BF4-468F-82DA-68BE4D3B4621} = {E4AF0299-6BF4-468F-82DA-68BE4D3B4621}
	EndProjectSection
EndProject
Project("{8BC9CEB8-8B4A-11D0-8D11-00A0C91BC942}") = "example_single_win", "examples\example_single_win\example_single_win.vcproj", "{1120CD4B-C9AC-49E4-B279-CAD2F248EC23}"
	ProjectSection(ProjectDependencies) = postProject
		{E4AF0299-6BF4-468F-82DA-68BE4D3B4621} = {E4AF0299-6BF4-468F-82DA-68BE4D3B4621}
	EndProjectSection
EndProject
Project("{8BC9CEB8-8B4A-11D0-8D11-00A0C91BC942}") = "example_multi_wins", "examples\example_multi_wins\example_multi_wins.vcproj", "{337F6D95-A4E6-4E5E-B324-BFA43926B837}"
	ProjectSection(ProjectDependencies) = postProject
		{E4AF0299-6BF4-468F-82DA-68BE4D3B4621} = {E4AF0299-6BF4-468F-82DA-68BE4D3B4621}
	EndProjectSection
EndProject
Project("{8BC9CEB8-8B4A-11D0-8D11-00A0C91BC942}") = "example_multi_wins_glui", "examples\example_multi_wins_glui\example_multi_wins_glui.vcproj", "{E4DD47A1-61A0-47C5-9479-0F1F0251C5BF}"
	ProjectSection(ProjectDependencies) = postProject
		{E4AF0299-6BF4-468F-82DA-68BE4D3B4621} = {E4AF0299-6BF4-468F-82DA-68BE4D3B4621}
	EndProjectSection
EndProject
Global
	GlobalSection(SolutionConfigurationPlatforms) = preSolution
		Debug|Win32 = Debug|Win32
		Release|Win32 = Release|Win32
	EndGlobalSection
	GlobalSection(ProjectConfigurationPlatforms) = postSolution
		{E4AF0299-6BF4-468F-82DA-68BE4D3B4621}.Debug|Win32.ActiveCfg = Debug|Win32
		{E4AF0299-6BF4-468F-82DA-68BE4D3B4621}.Debug|Win32.Build.0 = Debug|Win32
		{E4AF0299-6BF4-468F-82DA-68BE4D3B4621}.Release|Win32.ActiveCfg = Release|Win32
		{E4AF0299-6BF4-468F-82DA-68BE4D3B4621}.Release|Win32.Build.0 = Release|Win32
		{A5469B0B-90ED-45E3-B4F2-489BDBE3DA4D}.Debug|Win32.ActiveCfg = Debug|Win32
		{A5469B0B-90ED-45E3-B4F2-489BDBE3DA4D}.Debug|Win32.Build.0 = Debug|Win32
		{A5469B0B-90ED-45E3-B4F2-489BDBE3DA4D}.Release|Win32.ActiveCfg = Release|Win32
		{A5469B0B-90ED-45E3-B4F2-489BDBE3DA4D}.Release|Win32.Build.0 = Release|Win32
		{1120CD4B-C9AC-49E4-B279-CAD2F248EC23}.Debug|Win32.ActiveCfg = Debug|Win32
		{1120CD4B-C9AC-49E4-B279-CAD2F248EC23}.Debug|Win32.Build.0 = Debug|Win32
		{1120CD4B-C9AC-49E4-B279-CAD2F248EC23}.Release|Win32.ActiveCfg = Release|Win32
		{1120CD4B-C9AC-49E4-B279-CAD2F248EC23}.Release|Win32.Build.0 = Release|Win32
		{337F6D95-A4E6-4E5E-B324-BFA43926B837}.Debug|Win32.ActiveCfg = Debug|Win32
		{337F6D95-A4E6-4E5E-B324-BFA43926B837}.Debug|Win32.Build.0 = Debug|Win32
		{337F6D95-A4E6-4E5E-B324-BFA43926B837}.Release|Win32.ActiveCfg = Release|Win32
		{337F6D95-A4E6-4E5E-B324-BFA43926B837}.Release|Win32.Build.0 = Release|Win32
		{E4DD47A1-61A0-47C5-9479-0F1F0251C5BF}.Debug|Win32.ActiveCfg = Debug|Win32
		{E4DD47A1-61A0-47C5-9479-0F1F0251C5BF}.Debug|Win32.Build.0 = Debug|Win32
		{E4DD47A1-61A0-47C5-9479-0F1F0251C5BF}.Release|Win32.ActiveCfg = Release|Win32
		{E4DD47A1-61A0-47C5-9479-0F1F0251C5BF}.Release|Win32.Build.0 = Release|Win32
	EndGlobalSection
	GlobalSection(SolutionProperties) = preSolution
		HideSolutionNode = FALSE
	EndGlobalSection
EndGlobal
