
Microsoft Visual Studio Solution File, Format Version 9.00
# Visual Studio 2005
Project("{8BC9CEB8-8B4A-11D0-8D11-00A0C91BC942}") = "libfbo", "..\libfbo\libfbo.vcproj", "{E6A53495-DFD3-421A-BC62-219550A23913}"
EndProject
Project("{8BC9CEB8-8B4A-11D0-8D11-00A0C91BC942}") = "libfps", "..\libfps\libfps.vcproj", "{5E8B5B94-ECBC-475B-94F0-3C79C7B99222}"
EndProject
Project("{8BC9CEB8-8B4A-11D0-8D11-00A0C91BC942}") = "libgrid", "..\libgrid\libgrid.vcproj", "{AE8EE18F-EC44-40CD-B434-F05D8E0C0E0C}"
EndProject
Project("{8BC9CEB8-8B4A-11D0-8D11-00A0C91BC942}") = "libgw", "..\libgw\libgw\libgw.vcproj", "{E4AF0299-6BF4-468F-82DA-68BE4D3B4621}"
	ProjectSection(ProjectDependencies) = postProject
		{98A9AE67-34FE-415B-8900-CE37F8934671} = {98A9AE67-34FE-415B-8900-CE37F8934671}
		{B1760273-01E4-4808-A68E-4D0A1603DBD8} = {B1760273-01E4-4808-A68E-4D0A1603DBD8}
		{5E8B5B94-ECBC-475B-94F0-3C79C7B99222} = {5E8B5B94-ECBC-475B-94F0-3C79C7B99222}
	EndProjectSection
EndProject
Project("{8BC9CEB8-8B4A-11D0-8D11-00A0C91BC942}") = "libopengl", "..\libopengl\libopengl.vcproj", "{B1760273-01E4-4808-A68E-4D0A1603DBD8}"
EndProject
Project("{8BC9CEB8-8B4A-11D0-8D11-00A0C91BC942}") = "libopt", "..\libopt\libopt.vcproj", "{5A956159-FD1D-4BFF-89E5-3818CFD8903F}"
EndProject
Project("{8BC9CEB8-8B4A-11D0-8D11-00A0C91BC942}") = "libshader", "..\libshader\libshader.vcproj", "{263D8654-6EFA-44C2-AF2A-C086B96CFBCA}"
EndProject
Project("{8BC9CEB8-8B4A-11D0-8D11-00A0C91BC942}") = "libbuf", "..\libbuf\libbuf.vcproj", "{98A9AE67-34FE-415B-8900-CE37F8934671}"
EndProject
Project("{8BC9CEB8-8B4A-11D0-8D11-00A0C91BC942}") = "libcuda", "..\libcuda\libcuda.vcproj", "{6A43EDF5-44CB-4D3E-B976-47BCBAA6E316}"
EndProject
Project("{8BC9CEB8-8B4A-11D0-8D11-00A0C91BC942}") = "libtfw", "..\libtfw\libtfw.vcproj", "{79E924E7-08D1-4266-B457-E374D3EBE8EB}"
	ProjectSection(ProjectDependencies) = postProject
		{98A9AE67-34FE-415B-8900-CE37F8934671} = {98A9AE67-34FE-415B-8900-CE37F8934671}
		{B1760273-01E4-4808-A68E-4D0A1603DBD8} = {B1760273-01E4-4808-A68E-4D0A1603DBD8}
		{E4AF0299-6BF4-468F-82DA-68BE4D3B4621} = {E4AF0299-6BF4-468F-82DA-68BE4D3B4621}
	EndProjectSection
EndProject
Project("{8BC9CEB8-8B4A-11D0-8D11-00A0C91BC942}") = "libdvr", "..\libdvr\libdvr.vcproj", "{B6A8DF78-C177-47CE-977D-62A7E3A1B7D1}"
	ProjectSection(ProjectDependencies) = postProject
		{98A9AE67-34FE-415B-8900-CE37F8934671} = {98A9AE67-34FE-415B-8900-CE37F8934671}
		{B1760273-01E4-4808-A68E-4D0A1603DBD8} = {B1760273-01E4-4808-A68E-4D0A1603DBD8}
		{5E8B5B94-ECBC-475B-94F0-3C79C7B99222} = {5E8B5B94-ECBC-475B-94F0-3C79C7B99222}
		{E6A53495-DFD3-421A-BC62-219550A23913} = {E6A53495-DFD3-421A-BC62-219550A23913}
		{E4AF0299-6BF4-468F-82DA-68BE4D3B4621} = {E4AF0299-6BF4-468F-82DA-68BE4D3B4621}
		{D7C67FF5-D5A9-4BB3-8A97-39A430CCABB8} = {D7C67FF5-D5A9-4BB3-8A97-39A430CCABB8}
		{263D8654-6EFA-44C2-AF2A-C086B96CFBCA} = {263D8654-6EFA-44C2-AF2A-C086B96CFBCA}
	EndProjectSection
EndProject
Project("{8BC9CEB8-8B4A-11D0-8D11-00A0C91BC942}") = "shader2string", "..\libshader\shader2string\shader2string.vcproj", "{D7C67FF5-D5A9-4BB3-8A97-39A430CCABB8}"
	ProjectSection(ProjectDependencies) = postProject
		{263D8654-6EFA-44C2-AF2A-C086B96CFBCA} = {263D8654-6EFA-44C2-AF2A-C086B96CFBCA}
	EndProjectSection
EndProject
Project("{8BC9CEB8-8B4A-11D0-8D11-00A0C91BC942}") = "libfbow", "..\libfbow\libfbow.vcproj", "{352D4BE3-C265-493E-BB08-0A5835CDE3E0}"
EndProject
Project("{8BC9CEB8-8B4A-11D0-8D11-00A0C91BC942}") = "liblog", "..\liblog\liblog.vcproj", "{B4C9D1FC-9BBF-47D6-A086-7763B7E7D70E}"
EndProject
Project("{8BC9CEB8-8B4A-11D0-8D11-00A0C91BC942}") = "libclip", "..\libclip\libclip.vcproj", "{7CC4431F-6E4D-4643-B2D4-5E6B366C8B45}"
EndProject
Project("{8BC9CEB8-8B4A-11D0-8D11-00A0C91BC942}") = "libdvr2", "..\libdvr2\libdvr2.vcproj", "{7A92125A-751F-4193-A827-9A1E9175DC0F}"
EndProject
Global
	GlobalSection(SolutionConfigurationPlatforms) = preSolution
		Debug|Win32 = Debug|Win32
		Release|Win32 = Release|Win32
	EndGlobalSection
	GlobalSection(ProjectConfigurationPlatforms) = postSolution
		{E6A53495-DFD3-421A-BC62-219550A23913}.Debug|Win32.ActiveCfg = Debug|Win32
		{E6A53495-DFD3-421A-BC62-219550A23913}.Debug|Win32.Build.0 = Debug|Win32
		{E6A53495-DFD3-421A-BC62-219550A23913}.Release|Win32.ActiveCfg = Release|Win32
		{E6A53495-DFD3-421A-BC62-219550A23913}.Release|Win32.Build.0 = Release|Win32
		{5E8B5B94-ECBC-475B-94F0-3C79C7B99222}.Debug|Win32.ActiveCfg = Debug|Win32
		{5E8B5B94-ECBC-475B-94F0-3C79C7B99222}.Debug|Win32.Build.0 = Debug|Win32
		{5E8B5B94-ECBC-475B-94F0-3C79C7B99222}.Release|Win32.ActiveCfg = Release|Win32
		{5E8B5B94-ECBC-475B-94F0-3C79C7B99222}.Release|Win32.Build.0 = Release|Win32
		{AE8EE18F-EC44-40CD-B434-F05D8E0C0E0C}.Debug|Win32.ActiveCfg = Debug|Win32
		{AE8EE18F-EC44-40CD-B434-F05D8E0C0E0C}.Debug|Win32.Build.0 = Debug|Win32
		{AE8EE18F-EC44-40CD-B434-F05D8E0C0E0C}.Release|Win32.ActiveCfg = Release|Win32
		{AE8EE18F-EC44-40CD-B434-F05D8E0C0E0C}.Release|Win32.Build.0 = Release|Win32
		{E4AF0299-6BF4-468F-82DA-68BE4D3B4621}.Debug|Win32.ActiveCfg = Debug|Win32
		{E4AF0299-6BF4-468F-82DA-68BE4D3B4621}.Debug|Win32.Build.0 = Debug|Win32
		{E4AF0299-6BF4-468F-82DA-68BE4D3B4621}.Release|Win32.ActiveCfg = Release|Win32
		{E4AF0299-6BF4-468F-82DA-68BE4D3B4621}.Release|Win32.Build.0 = Release|Win32
		{B1760273-01E4-4808-A68E-4D0A1603DBD8}.Debug|Win32.ActiveCfg = Debug|Win32
		{B1760273-01E4-4808-A68E-4D0A1603DBD8}.Debug|Win32.Build.0 = Debug|Win32
		{B1760273-01E4-4808-A68E-4D0A1603DBD8}.Release|Win32.ActiveCfg = Release|Win32
		{B1760273-01E4-4808-A68E-4D0A1603DBD8}.Release|Win32.Build.0 = Release|Win32
		{5A956159-FD1D-4BFF-89E5-3818CFD8903F}.Debug|Win32.ActiveCfg = Debug|Win32
		{5A956159-FD1D-4BFF-89E5-3818CFD8903F}.Debug|Win32.Build.0 = Debug|Win32
		{5A956159-FD1D-4BFF-89E5-3818CFD8903F}.Release|Win32.ActiveCfg = Release|Win32
		{5A956159-FD1D-4BFF-89E5-3818CFD8903F}.Release|Win32.Build.0 = Release|Win32
		{263D8654-6EFA-44C2-AF2A-C086B96CFBCA}.Debug|Win32.ActiveCfg = Debug|Win32
		{263D8654-6EFA-44C2-AF2A-C086B96CFBCA}.Debug|Win32.Build.0 = Debug|Win32
		{263D8654-6EFA-44C2-AF2A-C086B96CFBCA}.Release|Win32.ActiveCfg = Release|Win32
		{263D8654-6EFA-44C2-AF2A-C086B96CFBCA}.Release|Win32.Build.0 = Release|Win32
		{98A9AE67-34FE-415B-8900-CE37F8934671}.Debug|Win32.ActiveCfg = Debug|Win32
		{98A9AE67-34FE-415B-8900-CE37F8934671}.Debug|Win32.Build.0 = Debug|Win32
		{98A9AE67-34FE-415B-8900-CE37F8934671}.Release|Win32.ActiveCfg = Release|Win32
		{98A9AE67-34FE-415B-8900-CE37F8934671}.Release|Win32.Build.0 = Release|Win32
		{6A43EDF5-44CB-4D3E-B976-47BCBAA6E316}.Debug|Win32.ActiveCfg = Debug|Win32
		{6A43EDF5-44CB-4D3E-B976-47BCBAA6E316}.Debug|Win32.Build.0 = Debug|Win32
		{6A43EDF5-44CB-4D3E-B976-47BCBAA6E316}.Release|Win32.ActiveCfg = Release|Win32
		{6A43EDF5-44CB-4D3E-B976-47BCBAA6E316}.Release|Win32.Build.0 = Release|Win32
		{79E924E7-08D1-4266-B457-E374D3EBE8EB}.Debug|Win32.ActiveCfg = Debug|Win32
		{79E924E7-08D1-4266-B457-E374D3EBE8EB}.Debug|Win32.Build.0 = Debug|Win32
		{79E924E7-08D1-4266-B457-E374D3EBE8EB}.Release|Win32.ActiveCfg = Release|Win32
		{79E924E7-08D1-4266-B457-E374D3EBE8EB}.Release|Win32.Build.0 = Release|Win32
		{B6A8DF78-C177-47CE-977D-62A7E3A1B7D1}.Debug|Win32.ActiveCfg = Debug|Win32
		{B6A8DF78-C177-47CE-977D-62A7E3A1B7D1}.Debug|Win32.Build.0 = Debug|Win32
		{B6A8DF78-C177-47CE-977D-62A7E3A1B7D1}.Release|Win32.ActiveCfg = Release|Win32
		{B6A8DF78-C177-47CE-977D-62A7E3A1B7D1}.Release|Win32.Build.0 = Release|Win32
		{D7C67FF5-D5A9-4BB3-8A97-39A430CCABB8}.Debug|Win32.ActiveCfg = Debug|Win32
		{D7C67FF5-D5A9-4BB3-8A97-39A430CCABB8}.Debug|Win32.Build.0 = Debug|Win32
		{D7C67FF5-D5A9-4BB3-8A97-39A430CCABB8}.Release|Win32.ActiveCfg = Release|Win32
		{D7C67FF5-D5A9-4BB3-8A97-39A430CCABB8}.Release|Win32.Build.0 = Release|Win32
		{352D4BE3-C265-493E-BB08-0A5835CDE3E0}.Debug|Win32.ActiveCfg = Debug|Win32
		{352D4BE3-C265-493E-BB08-0A5835CDE3E0}.Debug|Win32.Build.0 = Debug|Win32
		{352D4BE3-C265-493E-BB08-0A5835CDE3E0}.Release|Win32.ActiveCfg = Release|Win32
		{352D4BE3-C265-493E-BB08-0A5835CDE3E0}.Release|Win32.Build.0 = Release|Win32
		{B4C9D1FC-9BBF-47D6-A086-7763B7E7D70E}.Debug|Win32.ActiveCfg = Debug|Win32
		{B4C9D1FC-9BBF-47D6-A086-7763B7E7D70E}.Debug|Win32.Build.0 = Debug|Win32
		{B4C9D1FC-9BBF-47D6-A086-7763B7E7D70E}.Release|Win32.ActiveCfg = Release|Win32
		{B4C9D1FC-9BBF-47D6-A086-7763B7E7D70E}.Release|Win32.Build.0 = Release|Win32
		{7CC4431F-6E4D-4643-B2D4-5E6B366C8B45}.Debug|Win32.ActiveCfg = Debug|Win32
		{7CC4431F-6E4D-4643-B2D4-5E6B366C8B45}.Debug|Win32.Build.0 = Debug|Win32
		{7CC4431F-6E4D-4643-B2D4-5E6B366C8B45}.Release|Win32.ActiveCfg = Release|Win32
		{7CC4431F-6E4D-4643-B2D4-5E6B366C8B45}.Release|Win32.Build.0 = Release|Win32
		{7A92125A-751F-4193-A827-9A1E9175DC0F}.Debug|Win32.ActiveCfg = Debug|Win32
		{7A92125A-751F-4193-A827-9A1E9175DC0F}.Debug|Win32.Build.0 = Debug|Win32
		{7A92125A-751F-4193-A827-9A1E9175DC0F}.Release|Win32.ActiveCfg = Release|Win32
		{7A92125A-751F-4193-A827-9A1E9175DC0F}.Release|Win32.Build.0 = Release|Win32
	EndGlobalSection
	GlobalSection(SolutionProperties) = preSolution
		HideSolutionNode = FALSE
	EndGlobalSection
EndGlobal
