
Microsoft Visual Studio Solution File, Format Version 9.00
# Visual Studio 2005
Project("{8BC9CEB8-8B4A-11D0-8D11-00A0C91BC942}") = "libopengl", "libopengl.vcproj", "{B1760273-01E4-4808-A68E-4D0A1603DBD8}"
EndProject
Global
	GlobalSection(SolutionConfigurationPlatforms) = preSolution
		Debug|Win32 = Debug|Win32
		Release|Win32 = Release|Win32
	EndGlobalSection
	GlobalSection(ProjectConfigurationPlatforms) = postSolution
		{B1760273-01E4-4808-A68E-4D0A1603DBD8}.Debug|Win32.ActiveCfg = Debug|Win32
		{B1760273-01E4-4808-A68E-4D0A1603DBD8}.Debug|Win32.Build.0 = Debug|Win32
		{B1760273-01E4-4808-A68E-4D0A1603DBD8}.Release|Win32.ActiveCfg = Release|Win32
		{B1760273-01E4-4808-A68E-4D0A1603DBD8}.Release|Win32.Build.0 = Release|Win32
	EndGlobalSection
	GlobalSection(SolutionProperties) = preSolution
		HideSolutionNode = FALSE
	EndGlobalSection
EndGlobal
