
Microsoft Visual Studio Solution File, Format Version 9.00
# Visual Studio 2005
Project("{8BC9CEB8-8B4A-11D0-8D11-00A0C91BC942}") = "liblog", "liblog.vcproj", "{B4C9D1FC-9BBF-47D6-A086-7763B7E7D70E}"
EndProject
Project("{8BC9CEB8-8B4A-11D0-8D11-00A0C91BC942}") = "testlog", "testlog\testlog.vcproj", "{EDA484EE-B5A6-48E6-B3DD-B66A8FFF6CC6}"
EndProject
Global
	GlobalSection(SolutionConfigurationPlatforms) = preSolution
		Debug|Win32 = Debug|Win32
		Release|Win32 = Release|Win32
	EndGlobalSection
	GlobalSection(ProjectConfigurationPlatforms) = postSolution
		{B4C9D1FC-9BBF-47D6-A086-7763B7E7D70E}.Debug|Win32.ActiveCfg = Debug|Win32
		{B4C9D1FC-9BBF-47D6-A086-7763B7E7D70E}.Debug|Win32.Build.0 = Debug|Win32
		{B4C9D1FC-9BBF-47D6-A086-7763B7E7D70E}.Release|Win32.ActiveCfg = Release|Win32
		{B4C9D1FC-9BBF-47D6-A086-7763B7E7D70E}.Release|Win32.Build.0 = Release|Win32
		{EDA484EE-B5A6-48E6-B3DD-B66A8FFF6CC6}.Debug|Win32.ActiveCfg = Debug|Win32
		{EDA484EE-B5A6-48E6-B3DD-B66A8FFF6CC6}.Debug|Win32.Build.0 = Debug|Win32
		{EDA484EE-B5A6-48E6-B3DD-B66A8FFF6CC6}.Release|Win32.ActiveCfg = Release|Win32
		{EDA484EE-B5A6-48E6-B3DD-B66A8FFF6CC6}.Release|Win32.Build.0 = Release|Win32
	EndGlobalSection
	GlobalSection(SolutionProperties) = preSolution
		HideSolutionNode = FALSE
	EndGlobalSection
EndGlobal
